
Microsoft Visual Studio Solution File, Format Version 12.00
# Visual Studio Version 16
VisualStudioVersion = 16.0.31129.286
MinimumVisualStudioVersion = 10.0.40219.1
Project("{FAE04EC0-301F-11D3-BF4B-00C04F79EFBC}") = "SudokuAcademiaProgramador2021", "SudokuAcademiaProgramador2021\SudokuAcademiaProgramador2021.csproj", "{3A5980AB-E74C-4FD1-B38D-4306034A33AB}"
EndProject
Global
	GlobalSection(SolutionConfigurationPlatforms) = preSolution
		Debug|Any CPU = Debug|Any CPU
		Release|Any CPU = Release|Any CPU
	EndGlobalSection
	GlobalSection(ProjectConfigurationPlatforms) = postSolution
		{3A5980AB-E74C-4FD1-B38D-4306034A33AB}.Debug|Any CPU.ActiveCfg = Debug|Any CPU
		{3A5980AB-E74C-4FD1-B38D-4306034A33AB}.Debug|Any CPU.Build.0 = Debug|Any CPU
		{3A5980AB-E74C-4FD1-B38D-4306034A33AB}.Release|Any CPU.ActiveCfg = Release|Any CPU
		{3A5980AB-E74C-4FD1-B38D-4306034A33AB}.Release|Any CPU.Build.0 = Release|Any CPU
	EndGlobalSection
	GlobalSection(SolutionProperties) = preSolution
		HideSolutionNode = FALSE
	EndGlobalSection
	GlobalSection(ExtensibilityGlobals) = postSolution
		SolutionGuid = {DDC64949-2D7C-433D-8A33-894815039D14}
	EndGlobalSection
EndGlobal
